// !$*UTF8*$!
{
	archiveVersion = 1;
	classes = {
	};
	objectVersion = 50;
	objects = {

/* Begin PBXBuildFile section */
		AB868315253ECC27009337BF /* AppDelegate.swift in Sources */ = {isa = PBXBuildFile; fileRef = AB868314253ECC27009337BF /* AppDelegate.swift */; };
		AB868317253ECC27009337BF /* SceneDelegate.swift in Sources */ = {isa = PBXBuildFile; fileRef = AB868316253ECC27009337BF /* SceneDelegate.swift */; };
		AB868319253ECC27009337BF /* ViewController.swift in Sources */ = {isa = PBXBuildFile; fileRef = AB868318253ECC27009337BF /* ViewController.swift */; };
		AB86831C253ECC27009337BF /* Main.storyboard in Resources */ = {isa = PBXBuildFile; fileRef = AB86831A253ECC27009337BF /* Main.storyboard */; };
		AB86831E253ECC28009337BF /* Assets.xcassets in Resources */ = {isa = PBXBuildFile; fileRef = AB86831D253ECC28009337BF /* Assets.xcassets */; };
		AB868321253ECC28009337BF /* LaunchScreen.storyboard in Resources */ = {isa = PBXBuildFile; fileRef = AB86831F253ECC28009337BF /* LaunchScreen.storyboard */; };
		AB868331253ED599009337BF /* Localizable.strings in Resources */ = {isa = PBXBuildFile; fileRef = AB86832F253ED599009337BF /* Localizable.strings */; };
		AB868336253ED61F009337BF /* Sometext.strings in Resources */ = {isa = PBXBuildFile; fileRef = AB868338253ED61F009337BF /* Sometext.strings */; };
		AB86833E253ED71E009337BF /* InfoPlist.strings in Resources */ = {isa = PBXBuildFile; fileRef = AB86833C253ED71E009337BF /* InfoPlist.strings */; };
		AB868345253EDDF1009337BF /* frogIcon.jpg in Resources */ = {isa = PBXBuildFile; fileRef = AB868347253EDDF1009337BF /* frogIcon.jpg */; };
/* End PBXBuildFile section */

/* Begin PBXFileReference section */
		AB868311253ECC27009337BF /* LanguageTest.app */ = {isa = PBXFileReference; explicitFileType = wrapper.application; includeInIndex = 0; path = LanguageTest.app; sourceTree = BUILT_PRODUCTS_DIR; };
		AB868314253ECC27009337BF /* AppDelegate.swift */ = {isa = PBXFileReference; lastKnownFileType = sourcecode.swift; path = AppDelegate.swift; sourceTree = "<group>"; };
		AB868316253ECC27009337BF /* SceneDelegate.swift */ = {isa = PBXFileReference; lastKnownFileType = sourcecode.swift; path = SceneDelegate.swift; sourceTree = "<group>"; };
		AB868318253ECC27009337BF /* ViewController.swift */ = {isa = PBXFileReference; lastKnownFileType = sourcecode.swift; path = ViewController.swift; sourceTree = "<group>"; };
		AB86831B253ECC27009337BF /* Base */ = {isa = PBXFileReference; lastKnownFileType = file.storyboard; name = Base; path = Base.lproj/Main.storyboard; sourceTree = "<group>"; };
		AB86831D253ECC28009337BF /* Assets.xcassets */ = {isa = PBXFileReference; lastKnownFileType = folder.assetcatalog; path = Assets.xcassets; sourceTree = "<group>"; };
		AB868320253ECC28009337BF /* Base */ = {isa = PBXFileReference; lastKnownFileType = file.storyboard; name = Base; path = Base.lproj/LaunchScreen.storyboard; sourceTree = "<group>"; };
		AB868322253ECC28009337BF /* Info.plist */ = {isa = PBXFileReference; lastKnownFileType = text.plist.xml; path = Info.plist; sourceTree = "<group>"; };
		AB868329253ECEA7009337BF /* sv */ = {isa = PBXFileReference; lastKnownFileType = text.plist.strings; name = sv; path = sv.lproj/Main.strings; sourceTree = "<group>"; };
		AB86832A253ECEA7009337BF /* sv */ = {isa = PBXFileReference; lastKnownFileType = text.plist.strings; name = sv; path = sv.lproj/LaunchScreen.strings; sourceTree = "<group>"; };
		AB86832C253ED120009337BF /* es */ = {isa = PBXFileReference; lastKnownFileType = text.plist.strings; name = es; path = es.lproj/Main.strings; sourceTree = "<group>"; };
		AB86832D253ED120009337BF /* es */ = {isa = PBXFileReference; lastKnownFileType = text.plist.strings; name = es; path = es.lproj/LaunchScreen.strings; sourceTree = "<group>"; };
		AB868330253ED599009337BF /* sv */ = {isa = PBXFileReference; lastKnownFileType = text.plist.strings; name = sv; path = sv.lproj/Localizable.strings; sourceTree = "<group>"; };
		AB868337253ED61F009337BF /* es */ = {isa = PBXFileReference; lastKnownFileType = text.plist.strings; name = es; path = es.lproj/Sometext.strings; sourceTree = "<group>"; };
		AB86833A253ED675009337BF /* es */ = {isa = PBXFileReference; lastKnownFileType = text.plist.strings; name = es; path = es.lproj/Localizable.strings; sourceTree = "<group>"; };
		AB86833D253ED71E009337BF /* sv */ = {isa = PBXFileReference; lastKnownFileType = text.plist.strings; name = sv; path = sv.lproj/InfoPlist.strings; sourceTree = "<group>"; };
		AB868340253ED785009337BF /* es */ = {isa = PBXFileReference; lastKnownFileType = text.plist.strings; name = es; path = es.lproj/InfoPlist.strings; sourceTree = "<group>"; };
		AB868346253EDDF1009337BF /* Base */ = {isa = PBXFileReference; lastKnownFileType = image.jpeg; name = Base; path = Base.lproj/frogIcon.jpg; sourceTree = "<group>"; };
		AB868349253EDDF6009337BF /* es */ = {isa = PBXFileReference; lastKnownFileType = image.jpeg; name = es; path = es.lproj/frogIcon.jpg; sourceTree = "<group>"; };
		AB86834A253EDDF8009337BF /* sv */ = {isa = PBXFileReference; lastKnownFileType = image.jpeg; name = sv; path = sv.lproj/frogIcon.jpg; sourceTree = "<group>"; };
/* End PBXFileReference section */

/* Begin PBXFrameworksBuildPhase section */
		AB86830E253ECC27009337BF /* Frameworks */ = {
			isa = PBXFrameworksBuildPhase;
			buildActionMask = 2147483647;
			files = (
			);
			runOnlyForDeploymentPostprocessing = 0;
		};
/* End PBXFrameworksBuildPhase section */

/* Begin PBXGroup section */
		AB868308253ECC27009337BF = {
			isa = PBXGroup;
			children = (
				AB868313253ECC27009337BF /* LanguageTest */,
				AB868312253ECC27009337BF /* Products */,
			);
			sourceTree = "<group>";
		};
		AB868312253ECC27009337BF /* Products */ = {
			isa = PBXGroup;
			children = (
				AB868311253ECC27009337BF /* LanguageTest.app */,
			);
			name = Products;
			sourceTree = "<group>";
		};
		AB868313253ECC27009337BF /* LanguageTest */ = {
			isa = PBXGroup;
			children = (
				AB868347253EDDF1009337BF /* frogIcon.jpg */,
				AB868314253ECC27009337BF /* AppDelegate.swift */,
				AB868316253ECC27009337BF /* SceneDelegate.swift */,
				AB868318253ECC27009337BF /* ViewController.swift */,
				AB86831A253ECC27009337BF /* Main.storyboard */,
				AB86831D253ECC28009337BF /* Assets.xcassets */,
				AB86831F253ECC28009337BF /* LaunchScreen.storyboard */,
				AB868322253ECC28009337BF /* Info.plist */,
				AB86833C253ED71E009337BF /* InfoPlist.strings */,
				AB86832F253ED599009337BF /* Localizable.strings */,
				AB868338253ED61F009337BF /* Sometext.strings */,
			);
			path = LanguageTest;
			sourceTree = "<group>";
		};
/* End PBXGroup section */

/* Begin PBXNativeTarget section */
		AB868310253ECC27009337BF /* LanguageTest */ = {
			isa = PBXNativeTarget;
			buildConfigurationList = AB868325253ECC28009337BF /* Build configuration list for PBXNativeTarget "LanguageTest" */;
			buildPhases = (
				AB86830D253ECC27009337BF /* Sources */,
				AB86830E253ECC27009337BF /* Frameworks */,
				AB86830F253ECC27009337BF /* Resources */,
			);
			buildRules = (
			);
			dependencies = (
			);
			name = LanguageTest;
			productName = LanguageTest;
			productReference = AB868311253ECC27009337BF /* LanguageTest.app */;
			productType = "com.apple.product-type.application";
		};
/* End PBXNativeTarget section */

/* Begin PBXProject section */
		AB868309253ECC27009337BF /* Project object */ = {
			isa = PBXProject;
			attributes = {
				LastSwiftUpdateCheck = 1200;
				LastUpgradeCheck = 1200;
				TargetAttributes = {
					AB868310253ECC27009337BF = {
						CreatedOnToolsVersion = 12.0.1;
					};
				};
			};
			buildConfigurationList = AB86830C253ECC27009337BF /* Build configuration list for PBXProject "LanguageTest" */;
			compatibilityVersion = "Xcode 9.3";
			developmentRegion = en;
			hasScannedForEncodings = 0;
			knownRegions = (
				en,
				Base,
				sv,
				es,
			);
			mainGroup = AB868308253ECC27009337BF;
			productRefGroup = AB868312253ECC27009337BF /* Products */;
			projectDirPath = "";
			projectRoot = "";
			targets = (
				AB868310253ECC27009337BF /* LanguageTest */,
			);
		};
/* End PBXProject section */

/* Begin PBXResourcesBuildPhase section */
		AB86830F253ECC27009337BF /* Resources */ = {
			isa = PBXResourcesBuildPhase;
			buildActionMask = 2147483647;
			files = (
				AB868345253EDDF1009337BF /* frogIcon.jpg in Resources */,
				AB868321253ECC28009337BF /* LaunchScreen.storyboard in Resources */,
				AB86833E253ED71E009337BF /* InfoPlist.strings in Resources */,
				AB868331253ED599009337BF /* Localizable.strings in Resources */,
				AB86831E253ECC28009337BF /* Assets.xcassets in Resources */,
				AB86831C253ECC27009337BF /* Main.storyboard in Resources */,
				AB868336253ED61F009337BF /* Sometext.strings in Resources */,
			);
			runOnlyForDeploymentPostprocessing = 0;
		};
/* End PBXResourcesBuildPhase section */

/* Begin PBXSourcesBuildPhase section */
		AB86830D253ECC27009337BF /* Sources */ = {
			isa = PBXSourcesBuildPhase;
			buildActionMask = 2147483647;
			files = (
				AB868319253ECC27009337BF /* ViewController.swift in Sources */,
				AB868315253ECC27009337BF /* AppDelegate.swift in Sources */,
				AB868317253ECC27009337BF /* SceneDelegate.swift in Sources */,
			);
			runOnlyForDeploymentPostprocessing = 0;
		};
/* End PBXSourcesBuildPhase section */

/* Begin PBXVariantGroup section */
		AB86831A253ECC27009337BF /* Main.storyboard */ = {
			isa = PBXVariantGroup;
			children = (
				AB86831B253ECC27009337BF /* Base */,
				AB868329253ECEA7009337BF /* sv */,
				AB86832C253ED120009337BF /* es */,
			);
			name = Main.storyboard;
			sourceTree = "<group>";
		};
		AB86831F253ECC28009337BF /* LaunchScreen.storyboard */ = {
			isa = PBXVariantGroup;
			children = (
				AB868320253ECC28009337BF /* Base */,
				AB86832A253ECEA7009337BF /* sv */,
				AB86832D253ED120009337BF /* es */,
			);
			name = LaunchScreen.storyboard;
			sourceTree = "<group>";
		};
		AB86832F253ED599009337BF /* Localizable.strings */ = {
			isa = PBXVariantGroup;
			children = (
				AB868330253ED599009337BF /* sv */,
				AB86833A253ED675009337BF /* es */,
			);
			name = Localizable.strings;
			sourceTree = "<group>";
		};
		AB868338253ED61F009337BF /* Sometext.strings */ = {
			isa = PBXVariantGroup;
			children = (
				AB868337253ED61F009337BF /* es */,
			);
			name = Sometext.strings;
			sourceTree = "<group>";
		};
		AB86833C253ED71E009337BF /* InfoPlist.strings */ = {
			isa = PBXVariantGroup;
			children = (
				AB86833D253ED71E009337BF /* sv */,
				AB868340253ED785009337BF /* es */,
			);
			name = InfoPlist.strings;
			sourceTree = "<group>";
		};
		AB868347253EDDF1009337BF /* frogIcon.jpg */ = {
			isa = PBXVariantGroup;
			children = (
				AB868346253EDDF1009337BF /* Base */,
				AB868349253EDDF6009337BF /* es */,
				AB86834A253EDDF8009337BF /* sv */,
			);
			name = frogIcon.jpg;
			sourceTree = "<group>";
		};
/* End PBXVariantGroup section */

/* Begin XCBuildConfiguration section */
		AB868323253ECC28009337BF /* Debug */ = {
			isa = XCBuildConfiguration;
			buildSettings = {
				ALWAYS_SEARCH_USER_PATHS = NO;
				CLANG_ANALYZER_LOCALIZABILITY_NONLOCALIZED = YES;
				CLANG_ANALYZER_NONNULL = YES;
				CLANG_ANALYZER_NUMBER_OBJECT_CONVERSION = YES_AGGRESSIVE;
				CLANG_CXX_LANGUAGE_STANDARD = "gnu++14";
				CLANG_CXX_LIBRARY = "libc++";
				CLANG_ENABLE_MODULES = YES;
				CLANG_ENABLE_OBJC_ARC = YES;
				CLANG_ENABLE_OBJC_WEAK = YES;
				CLANG_WARN_BLOCK_CAPTURE_AUTORELEASING = YES;
				CLANG_WARN_BOOL_CONVERSION = YES;
				CLANG_WARN_COMMA = YES;
				CLANG_WARN_CONSTANT_CONVERSION = YES;
				CLANG_WARN_DEPRECATED_OBJC_IMPLEMENTATIONS = YES;
				CLANG_WARN_DIRECT_OBJC_ISA_USAGE = YES_ERROR;
				CLANG_WARN_DOCUMENTATION_COMMENTS = YES;
				CLANG_WARN_EMPTY_BODY = YES;
				CLANG_WARN_ENUM_CONVERSION = YES;
				CLANG_WARN_INFINITE_RECURSION = YES;
				CLANG_WARN_INT_CONVERSION = YES;
				CLANG_WARN_NON_LITERAL_NULL_CONVERSION = YES;
				CLANG_WARN_OBJC_IMPLICIT_RETAIN_SELF = YES;
				CLANG_WARN_OBJC_LITERAL_CONVERSION = YES;
				CLANG_WARN_OBJC_ROOT_CLASS = YES_ERROR;
				CLANG_WARN_QUOTED_INCLUDE_IN_FRAMEWORK_HEADER = YES;
				CLANG_WARN_RANGE_LOOP_ANALYSIS = YES;
				CLANG_WARN_STRICT_PROTOTYPES = YES;
				CLANG_WARN_SUSPICIOUS_MOVE = YES;
				CLANG_WARN_UNGUARDED_AVAILABILITY = YES_AGGRESSIVE;
				CLANG_WARN_UNREACHABLE_CODE = YES;
				CLANG_WARN__DUPLICATE_METHOD_MATCH = YES;
				COPY_PHASE_STRIP = NO;
				DEBUG_INFORMATION_FORMAT = dwarf;
				ENABLE_STRICT_OBJC_MSGSEND = YES;
				ENABLE_TESTABILITY = YES;
				GCC_C_LANGUAGE_STANDARD = gnu11;
				GCC_DYNAMIC_NO_PIC = NO;
				GCC_NO_COMMON_BLOCKS = YES;
				GCC_OPTIMIZATION_LEVEL = 0;
				GCC_PREPROCESSOR_DEFINITIONS = (
					"DEBUG=1",
					"$(inherited)",
				);
				GCC_WARN_64_TO_32_BIT_CONVERSION = YES;
				GCC_WARN_ABOUT_RETURN_TYPE = YES_ERROR;
				GCC_WARN_UNDECLARED_SELECTOR = YES;
				GCC_WARN_UNINITIALIZED_AUTOS = YES_AGGRESSIVE;
				GCC_WARN_UNUSED_FUNCTION = YES;
				GCC_WARN_UNUSED_VARIABLE = YES;
				IPHONEOS_DEPLOYMENT_TARGET = 14.0;
				MTL_ENABLE_DEBUG_INFO = INCLUDE_SOURCE;
				MTL_FAST_MATH = YES;
				ONLY_ACTIVE_ARCH = YES;
				SDKROOT = iphoneos;
				SWIFT_ACTIVE_COMPILATION_CONDITIONS = DEBUG;
				SWIFT_OPTIMIZATION_LEVEL = "-Onone";
			};
			name = Debug;
		};
		AB868324253ECC28009337BF /* Release */ = {
			isa = XCBuildConfiguration;
			buildSettings = {
				ALWAYS_SEARCH_USER_PATHS = NO;
				CLANG_ANALYZER_LOCALIZABILITY_NONLOCALIZED = YES;
				CLANG_ANALYZER_NONNULL = YES;
				CLANG_ANALYZER_NUMBER_OBJECT_CONVERSION = YES_AGGRESSIVE;
				CLANG_CXX_LANGUAGE_STANDARD = "gnu++14";
				CLANG_CXX_LIBRARY = "libc++";
				CLANG_ENABLE_MODULES = YES;
				CLANG_ENABLE_OBJC_ARC = YES;
				CLANG_ENABLE_OBJC_WEAK = YES;
				CLANG_WARN_BLOCK_CAPTURE_AUTORELEASING = YES;
				CLANG_WARN_BOOL_CONVERSION = YES;
				CLANG_WARN_COMMA = YES;
				CLANG_WARN_CONSTANT_CONVERSION = YES;
				CLANG_WARN_DEPRECATED_OBJC_IMPLEMENTATIONS = YES;
				CLANG_WARN_DIRECT_OBJC_ISA_USAGE = YES_ERROR;
				CLANG_WARN_DOCUMENTATION_COMMENTS = YES;
				CLANG_WARN_EMPTY_BODY = YES;
				CLANG_WARN_ENUM_CONVERSION = YES;
				CLANG_WARN_INFINITE_RECURSION = YES;
				CLANG_WARN_INT_CONVERSION = YES;
				CLANG_WARN_NON_LITERAL_NULL_CONVERSION = YES;
				CLANG_WARN_OBJC_IMPLICIT_RETAIN_SELF = YES;
				CLANG_WARN_OBJC_LITERAL_CONVERSION = YES;
				CLANG_WARN_OBJC_ROOT_CLASS = YES_ERROR;
				CLANG_WARN_QUOTED_INCLUDE_IN_FRAMEWORK_HEADER = YES;
				CLANG_WARN_RANGE_LOOP_ANALYSIS = YES;
				CLANG_WARN_STRICT_PROTOTYPES = YES;
				CLANG_WARN_SUSPICIOUS_MOVE = YES;
				CLANG_WARN_UNGUARDED_AVAILABILITY = YES_AGGRESSIVE;
				CLANG_WARN_UNREACHABLE_CODE = YES;
				CLANG_WARN__DUPLICATE_METHOD_MATCH = YES;
				COPY_PHASE_STRIP = NO;
				DEBUG_INFORMATION_FORMAT = "dwarf-with-dsym";
				ENABLE_NS_ASSERTIONS = NO;
				ENABLE_STRICT_OBJC_MSGSEND = YES;
				GCC_C_LANGUAGE_STANDARD = gnu11;
				GCC_NO_COMMON_BLOCKS = YES;
				GCC_WARN_64_TO_32_BIT_CONVERSION = YES;
				GCC_WARN_ABOUT_RETURN_TYPE = YES_ERROR;
				GCC_WARN_UNDECLARED_SELECTOR = YES;
				GCC_WARN_UNINITIALIZED_AUTOS = YES_AGGRESSIVE;
				GCC_WARN_UNUSED_FUNCTION = YES;
				GCC_WARN_UNUSED_VARIABLE = YES;
				IPHONEOS_DEPLOYMENT_TARGET = 14.0;
				MTL_ENABLE_DEBUG_INFO = NO;
				MTL_FAST_MATH = YES;
				SDKROOT = iphoneos;
				SWIFT_COMPILATION_MODE = wholemodule;
				SWIFT_OPTIMIZATION_LEVEL = "-O";
				VALIDATE_PRODUCT = YES;
			};
			name = Release;
		};
		AB868326253ECC28009337BF /* Debug */ = {
			isa = XCBuildConfiguration;
			buildSettings = {
				ASSETCATALOG_COMPILER_APPICON_NAME = AppIcon;
				ASSETCATALOG_COMPILER_GLOBAL_ACCENT_COLOR_NAME = AccentColor;
				CODE_SIGN_STYLE = Automatic;
				INFOPLIST_FILE = LanguageTest/Info.plist;
				LD_RUNPATH_SEARCH_PATHS = (
					"$(inherited)",
					"@executable_path/Frameworks",
				);
				PRODUCT_BUNDLE_IDENTIFIER = se.magictechnology.LanguageTest;
				PRODUCT_NAME = "$(TARGET_NAME)";
				SWIFT_VERSION = 5.0;
				TARGETED_DEVICE_FAMILY = "1,2";
			};
			name = Debug;
		};
		AB868327253ECC28009337BF /* Release */ = {
			isa = XCBuildConfiguration;
			buildSettings = {
				ASSETCATALOG_COMPILER_APPICON_NAME = AppIcon;
				ASSETCATALOG_COMPILER_GLOBAL_ACCENT_COLOR_NAME = AccentColor;
				CODE_SIGN_STYLE = Automatic;
				INFOPLIST_FILE = LanguageTest/Info.plist;
				LD_RUNPATH_SEARCH_PATHS = (
					"$(inherited)",
					"@executable_path/Frameworks",
				);
				PRODUCT_BUNDLE_IDENTIFIER = se.magictechnology.LanguageTest;
				PRODUCT_NAME = "$(TARGET_NAME)";
				SWIFT_VERSION = 5.0;
				TARGETED_DEVICE_FAMILY = "1,2";
			};
			name = Release;
		};
/* End XCBuildConfiguration section */

/* Begin XCConfigurationList section */
		AB86830C253ECC27009337BF /* Build configuration list for PBXProject "LanguageTest" */ = {
			isa = XCConfigurationList;
			buildConfigurations = (
				AB868323253ECC28009337BF /* Debug */,
				AB868324253ECC28009337BF /* Release */,
			);
			defaultConfigurationIsVisible = 0;
			defaultConfigurationName = Release;
		};
		AB868325253ECC28009337BF /* Build configuration list for PBXNativeTarget "LanguageTest" */ = {
			isa = XCConfigurationList;
			buildConfigurations = (
				AB868326253ECC28009337BF /* Debug */,
				AB868327253ECC28009337BF /* Release */,
			);
			defaultConfigurationIsVisible = 0;
			defaultConfigurationName = Release;
		};
/* End XCConfigurationList section */
	};
	rootObject = AB868309253ECC27009337BF /* Project object */;
}
